
Microsoft Visual Studio Solution File, Format Version 12.00
# Visual Studio 15
VisualStudioVersion = 15.0.28307.1705
MinimumVisualStudioVersion = 10.0.40219.1
Project("{F184B08F-C81C-45F6-A57F-5ABD9991F28F}") = "BowlingScoreGame", "BowlingScoreGame\BowlingScoreGame.vbproj", "{26EFB266-0581-4BA9-A825-B14F67736F1A}"
EndProject
Global
	GlobalSection(SolutionConfigurationPlatforms) = preSolution
		Debug|Any CPU = Debug|Any CPU
		Release|Any CPU = Release|Any CPU
	EndGlobalSection
	GlobalSection(ProjectConfigurationPlatforms) = postSolution
		{26EFB266-0581-4BA9-A825-B14F67736F1A}.Debug|Any CPU.ActiveCfg = Debug|Any CPU
		{26EFB266-0581-4BA9-A825-B14F67736F1A}.Debug|Any CPU.Build.0 = Debug|Any CPU
		{26EFB266-0581-4BA9-A825-B14F67736F1A}.Release|Any CPU.ActiveCfg = Release|Any CPU
		{26EFB266-0581-4BA9-A825-B14F67736F1A}.Release|Any CPU.Build.0 = Release|Any CPU
	EndGlobalSection
	GlobalSection(SolutionProperties) = preSolution
		HideSolutionNode = FALSE
	EndGlobalSection
	GlobalSection(ExtensibilityGlobals) = postSolution
		SolutionGuid = {66871512-57D1-4696-BC8C-D141A670AB79}
	EndGlobalSection
EndGlobal
